
Microsoft Visual Studio Solution File, Format Version 12.00
# Visual Studio 14
VisualStudioVersion = 14.0.24720.0
MinimumVisualStudioVersion = 10.0.40219.1
Project("{FAE04EC0-301F-11D3-BF4B-00C04F79EFBC}") = "Discovery.Net4", "Discovery.Net4\Discovery.Net4.csproj", "{4B684125-389E-4EDF-87E9-905785F700A5}"
EndProject
Project("{FAE04EC0-301F-11D3-BF4B-00C04F79EFBC}") = "Playground", "Playground\Playground.csproj", "{99860A1D-1D85-4043-89B9-6FD3025060E9}"
EndProject
Project("{FAE04EC0-301F-11D3-BF4B-00C04F79EFBC}") = "SimpleCache.Net4", "..\SimpleCache\SimpleCache.Net4\SimpleCache.Net4.csproj", "{5A320348-7AE0-421A-B3EC-25FF8FED4243}"
EndProject
Project("{D954291E-2A0B-460D-934E-DC6B0785DB48}") = "Discovery.Core", "Discovery.Core\Discovery.Core.shproj", "{9052B5FB-BBEA-4A6C-9EC0-C5E90BF3AA6C}"
EndProject
Project("{FAE04EC0-301F-11D3-BF4B-00C04F79EFBC}") = "Eve", "..\..\Eve.NET\Eve\Eve.csproj", "{DD88D007-AD10-470D-9C89-AA8EE39857D0}"
EndProject
Project("{FAE04EC0-301F-11D3-BF4B-00C04F79EFBC}") = "Eve.Net4", "..\..\Eve.NET\Eve.Net4\Eve.Net4.csproj", "{C5DEAD7A-1511-4516-9334-420CE21D3DC8}"
EndProject
Project("{2150E333-8FDC-42A3-9474-1A3956D46DE8}") = "Net4", "Net4", "{63C6F7B4-D9BF-4EC5-B363-779084F36DA0}"
EndProject
Project("{D954291E-2A0B-460D-934E-DC6B0785DB48}") = "SimpleCache.Core", "..\SimpleCache\SimpleCache.Core\SimpleCache.Core.shproj", "{F0F65631-C26B-4A72-B0A3-4A770383A71B}"
EndProject
Project("{FAE04EC0-301F-11D3-BF4B-00C04F79EFBC}") = "Discovery", "Discovery\Discovery.csproj", "{F2E61202-0FE9-4521-9216-1BBE1A856B20}"
EndProject
Project("{FAE04EC0-301F-11D3-BF4B-00C04F79EFBC}") = "SimpleCache", "..\SimpleCache\SimpleCache\SimpleCache.csproj", "{C4CBE63F-2EB6-404F-9CF2-44FBF42E35E2}"
EndProject
Global
	GlobalSection(SharedMSBuildProjectFiles) = preSolution
		..\..\Eve.NET\Eve.Core\Eve.Core.projitems*{c5dead7a-1511-4516-9334-420ce21d3dc8}*SharedItemsImports = 4
		..\SimpleCache\SimpleCache.Core\SimpleCache.Core.projitems*{c4cbe63f-2eb6-404f-9cf2-44fbf42e35e2}*SharedItemsImports = 4
		..\..\Eve.NET\Eve.Core\Eve.Core.projitems*{dd88d007-ad10-470d-9c89-aa8ee39857d0}*SharedItemsImports = 4
		Discovery.Core\Discovery.Core.projitems*{4b684125-389e-4edf-87e9-905785f700a5}*SharedItemsImports = 4
		Discovery.Core\Discovery.Core.projitems*{f2e61202-0fe9-4521-9216-1bbe1a856b20}*SharedItemsImports = 4
		Discovery.Core\Discovery.Core.projitems*{9052b5fb-bbea-4a6c-9ec0-c5e90bf3aa6c}*SharedItemsImports = 13
		..\SimpleCache\SimpleCache.Core\SimpleCache.Core.projitems*{5a320348-7ae0-421a-b3ec-25ff8fed4243}*SharedItemsImports = 4
		..\SimpleCache\SimpleCache.Core\SimpleCache.Core.projitems*{f0f65631-c26b-4a72-b0a3-4a770383a71b}*SharedItemsImports = 13
	EndGlobalSection
	GlobalSection(SolutionConfigurationPlatforms) = preSolution
		Debug|Any CPU = Debug|Any CPU
		Release|Any CPU = Release|Any CPU
	EndGlobalSection
	GlobalSection(ProjectConfigurationPlatforms) = postSolution
		{4B684125-389E-4EDF-87E9-905785F700A5}.Debug|Any CPU.ActiveCfg = Debug|Any CPU
		{4B684125-389E-4EDF-87E9-905785F700A5}.Debug|Any CPU.Build.0 = Debug|Any CPU
		{4B684125-389E-4EDF-87E9-905785F700A5}.Release|Any CPU.ActiveCfg = Release|Any CPU
		{4B684125-389E-4EDF-87E9-905785F700A5}.Release|Any CPU.Build.0 = Release|Any CPU
		{99860A1D-1D85-4043-89B9-6FD3025060E9}.Debug|Any CPU.ActiveCfg = Debug|Any CPU
		{99860A1D-1D85-4043-89B9-6FD3025060E9}.Debug|Any CPU.Build.0 = Debug|Any CPU
		{99860A1D-1D85-4043-89B9-6FD3025060E9}.Release|Any CPU.ActiveCfg = Release|Any CPU
		{99860A1D-1D85-4043-89B9-6FD3025060E9}.Release|Any CPU.Build.0 = Release|Any CPU
		{5A320348-7AE0-421A-B3EC-25FF8FED4243}.Debug|Any CPU.ActiveCfg = Debug|Any CPU
		{5A320348-7AE0-421A-B3EC-25FF8FED4243}.Debug|Any CPU.Build.0 = Debug|Any CPU
		{5A320348-7AE0-421A-B3EC-25FF8FED4243}.Release|Any CPU.ActiveCfg = Release|Any CPU
		{5A320348-7AE0-421A-B3EC-25FF8FED4243}.Release|Any CPU.Build.0 = Release|Any CPU
		{DD88D007-AD10-470D-9C89-AA8EE39857D0}.Debug|Any CPU.ActiveCfg = Debug|Any CPU
		{DD88D007-AD10-470D-9C89-AA8EE39857D0}.Debug|Any CPU.Build.0 = Debug|Any CPU
		{DD88D007-AD10-470D-9C89-AA8EE39857D0}.Release|Any CPU.ActiveCfg = Release|Any CPU
		{DD88D007-AD10-470D-9C89-AA8EE39857D0}.Release|Any CPU.Build.0 = Release|Any CPU
		{C5DEAD7A-1511-4516-9334-420CE21D3DC8}.Debug|Any CPU.ActiveCfg = Debug|Any CPU
		{C5DEAD7A-1511-4516-9334-420CE21D3DC8}.Debug|Any CPU.Build.0 = Debug|Any CPU
		{C5DEAD7A-1511-4516-9334-420CE21D3DC8}.Release|Any CPU.ActiveCfg = Release|Any CPU
		{C5DEAD7A-1511-4516-9334-420CE21D3DC8}.Release|Any CPU.Build.0 = Release|Any CPU
		{F2E61202-0FE9-4521-9216-1BBE1A856B20}.Debug|Any CPU.ActiveCfg = Debug|Any CPU
		{F2E61202-0FE9-4521-9216-1BBE1A856B20}.Debug|Any CPU.Build.0 = Debug|Any CPU
		{F2E61202-0FE9-4521-9216-1BBE1A856B20}.Release|Any CPU.ActiveCfg = Release|Any CPU
		{F2E61202-0FE9-4521-9216-1BBE1A856B20}.Release|Any CPU.Build.0 = Release|Any CPU
		{C4CBE63F-2EB6-404F-9CF2-44FBF42E35E2}.Debug|Any CPU.ActiveCfg = Debug|Any CPU
		{C4CBE63F-2EB6-404F-9CF2-44FBF42E35E2}.Debug|Any CPU.Build.0 = Debug|Any CPU
		{C4CBE63F-2EB6-404F-9CF2-44FBF42E35E2}.Release|Any CPU.ActiveCfg = Release|Any CPU
		{C4CBE63F-2EB6-404F-9CF2-44FBF42E35E2}.Release|Any CPU.Build.0 = Release|Any CPU
	EndGlobalSection
	GlobalSection(SolutionProperties) = preSolution
		HideSolutionNode = FALSE
	EndGlobalSection
	GlobalSection(NestedProjects) = preSolution
		{4B684125-389E-4EDF-87E9-905785F700A5} = {63C6F7B4-D9BF-4EC5-B363-779084F36DA0}
		{5A320348-7AE0-421A-B3EC-25FF8FED4243} = {63C6F7B4-D9BF-4EC5-B363-779084F36DA0}
		{C5DEAD7A-1511-4516-9334-420CE21D3DC8} = {63C6F7B4-D9BF-4EC5-B363-779084F36DA0}
	EndGlobalSection
EndGlobal
