
Microsoft Visual Studio Solution File, Format Version 12.00
# Visual Studio 15
VisualStudioVersion = 15.0.26430.16
MinimumVisualStudioVersion = 10.0.40219.1
Project("{FAE04EC0-301F-11D3-BF4B-00C04F79EFBC}") = "Playground", "Playground\Playground.csproj", "{99860A1D-1D85-4043-89B9-6FD3025060E9}"
EndProject
Project("{2150E333-8FDC-42A3-9474-1A3956D46DE8}") = "Solution Items", "Solution Items", "{3E09399B-EA6D-4560-AFCD-3768D03A8E2F}"
	ProjectSection(SolutionItems) = preProject
		AUTHORS = AUTHORS
		CHANGES = CHANGES
		LICENSE = LICENSE
	EndProjectSection
EndProject
Project("{9A19103F-16F7-4668-BE54-9A1E7A4F7556}") = "Discovery", "Discovery\Discovery.csproj", "{6EA3966D-8D0D-44DB-A793-E4779BF9EE03}"
EndProject
Global
	GlobalSection(SolutionConfigurationPlatforms) = preSolution
		Debug|Any CPU = Debug|Any CPU
		Release|Any CPU = Release|Any CPU
	EndGlobalSection
	GlobalSection(ProjectConfigurationPlatforms) = postSolution
		{99860A1D-1D85-4043-89B9-6FD3025060E9}.Debug|Any CPU.ActiveCfg = Debug|Any CPU
		{99860A1D-1D85-4043-89B9-6FD3025060E9}.Debug|Any CPU.Build.0 = Debug|Any CPU
		{99860A1D-1D85-4043-89B9-6FD3025060E9}.Release|Any CPU.ActiveCfg = Release|Any CPU
		{99860A1D-1D85-4043-89B9-6FD3025060E9}.Release|Any CPU.Build.0 = Release|Any CPU
		{6EA3966D-8D0D-44DB-A793-E4779BF9EE03}.Debug|Any CPU.ActiveCfg = Debug|Any CPU
		{6EA3966D-8D0D-44DB-A793-E4779BF9EE03}.Debug|Any CPU.Build.0 = Debug|Any CPU
		{6EA3966D-8D0D-44DB-A793-E4779BF9EE03}.Release|Any CPU.ActiveCfg = Release|Any CPU
		{6EA3966D-8D0D-44DB-A793-E4779BF9EE03}.Release|Any CPU.Build.0 = Release|Any CPU
	EndGlobalSection
	GlobalSection(SolutionProperties) = preSolution
		HideSolutionNode = FALSE
	EndGlobalSection
EndGlobal
